// !$*UTF8*$!
{
	archiveVersion = 1;
	classes = {
	};
	objectVersion = 56;
	objects = {

/* Begin PBXBuildFile section */
		2E1329072B57AF9C005AEFDD /* SourceLangTableViewCell.swift in Sources */ = {isa = PBXBuildFile; fileRef = 2E1329052B57AF9C005AEFDD /* SourceLangTableViewCell.swift */; };
		2E1329082B57AF9C005AEFDD /* SourceLangTableViewCell.xib in Resources */ = {isa = PBXBuildFile; fileRef = 2E1329062B57AF9C005AEFDD /* SourceLangTableViewCell.xib */; };
		2E13290B2B57AFAF005AEFDD /* TargetLangTableViewCell.swift in Sources */ = {isa = PBXBuildFile; fileRef = 2E1329092B57AFAF005AEFDD /* TargetLangTableViewCell.swift */; };
		2E13290C2B57AFAF005AEFDD /* TargetLangTableViewCell.xib in Resources */ = {isa = PBXBuildFile; fileRef = 2E13290A2B57AFAF005AEFDD /* TargetLangTableViewCell.xib */; };
		2E18E39C2B57AD280035ECC2 /* SourceLangViewController.swift in Sources */ = {isa = PBXBuildFile; fileRef = 2E18E39B2B57AD280035ECC2 /* SourceLangViewController.swift */; };
		2E18E39E2B57AD310035ECC2 /* TargetLangViewController.swift in Sources */ = {isa = PBXBuildFile; fileRef = 2E18E39D2B57AD310035ECC2 /* TargetLangViewController.swift */; };
		2E7C64952B576AF20067310F /* BookViewController.swift in Sources */ = {isa = PBXBuildFile; fileRef = 2E7C64942B576AF20067310F /* BookViewController.swift */; };
		2E7C64972B576C1A0067310F /* .gitignore in Resources */ = {isa = PBXBuildFile; fileRef = 2E7C64962B576C1A0067310F /* .gitignore */; };
		2E7C649B2B576D350067310F /* APIKey.swift in Sources */ = {isa = PBXBuildFile; fileRef = 2E7C649A2B576D350067310F /* APIKey.swift */; };
		2E94525B2B5611A80032F3F0 /* AppDelegate.swift in Sources */ = {isa = PBXBuildFile; fileRef = 2E94525A2B5611A80032F3F0 /* AppDelegate.swift */; };
		2E94525D2B5611A80032F3F0 /* SceneDelegate.swift in Sources */ = {isa = PBXBuildFile; fileRef = 2E94525C2B5611A80032F3F0 /* SceneDelegate.swift */; };
		2E94525F2B5611A80032F3F0 /* PapagoViewController.swift in Sources */ = {isa = PBXBuildFile; fileRef = 2E94525E2B5611A80032F3F0 /* PapagoViewController.swift */; };
		2E9452622B5611A80032F3F0 /* Main.storyboard in Resources */ = {isa = PBXBuildFile; fileRef = 2E9452602B5611A80032F3F0 /* Main.storyboard */; };
		2E9452642B5611AA0032F3F0 /* Assets.xcassets in Resources */ = {isa = PBXBuildFile; fileRef = 2E9452632B5611AA0032F3F0 /* Assets.xcassets */; };
		2E9452672B5611AA0032F3F0 /* LaunchScreen.storyboard in Resources */ = {isa = PBXBuildFile; fileRef = 2E9452652B5611AA0032F3F0 /* LaunchScreen.storyboard */; };
		2E9452702B5611ED0032F3F0 /* Alamofire in Frameworks */ = {isa = PBXBuildFile; productRef = 2E94526F2B5611ED0032F3F0 /* Alamofire */; };
		2E9452722B5612860032F3F0 /* LottoViewController.swift in Sources */ = {isa = PBXBuildFile; fileRef = 2E9452712B5612860032F3F0 /* LottoViewController.swift */; };
		2E9452742B5621820032F3F0 /* MarketViewController.swift in Sources */ = {isa = PBXBuildFile; fileRef = 2E9452732B5621820032F3F0 /* MarketViewController.swift */; };
		2E9452762B56577A0032F3F0 /* LottoAPIManager.swift in Sources */ = {isa = PBXBuildFile; fileRef = 2E9452752B56577A0032F3F0 /* LottoAPIManager.swift */; };
/* End PBXBuildFile section */

/* Begin PBXFileReference section */
		2E1329052B57AF9C005AEFDD /* SourceLangTableViewCell.swift */ = {isa = PBXFileReference; lastKnownFileType = sourcecode.swift; path = SourceLangTableViewCell.swift; sourceTree = "<group>"; };
		2E1329062B57AF9C005AEFDD /* SourceLangTableViewCell.xib */ = {isa = PBXFileReference; lastKnownFileType = file.xib; path = SourceLangTableViewCell.xib; sourceTree = "<group>"; };
		2E1329092B57AFAF005AEFDD /* TargetLangTableViewCell.swift */ = {isa = PBXFileReference; lastKnownFileType = sourcecode.swift; path = TargetLangTableViewCell.swift; sourceTree = "<group>"; };
		2E13290A2B57AFAF005AEFDD /* TargetLangTableViewCell.xib */ = {isa = PBXFileReference; lastKnownFileType = file.xib; path = TargetLangTableViewCell.xib; sourceTree = "<group>"; };
		2E18E39B2B57AD280035ECC2 /* SourceLangViewController.swift */ = {isa = PBXFileReference; lastKnownFileType = sourcecode.swift; path = SourceLangViewController.swift; sourceTree = "<group>"; };
		2E18E39D2B57AD310035ECC2 /* TargetLangViewController.swift */ = {isa = PBXFileReference; lastKnownFileType = sourcecode.swift; path = TargetLangViewController.swift; sourceTree = "<group>"; };
		2E7C64942B576AF20067310F /* BookViewController.swift */ = {isa = PBXFileReference; lastKnownFileType = sourcecode.swift; path = BookViewController.swift; sourceTree = "<group>"; };
		2E7C64962B576C1A0067310F /* .gitignore */ = {isa = PBXFileReference; lastKnownFileType = text; path = .gitignore; sourceTree = "<group>"; };
		2E7C649A2B576D350067310F /* APIKey.swift */ = {isa = PBXFileReference; lastKnownFileType = sourcecode.swift; path = APIKey.swift; sourceTree = "<group>"; };
		2E9452572B5611A80032F3F0 /* SeSac4Network.app */ = {isa = PBXFileReference; explicitFileType = wrapper.application; includeInIndex = 0; path = SeSac4Network.app; sourceTree = BUILT_PRODUCTS_DIR; };
		2E94525A2B5611A80032F3F0 /* AppDelegate.swift */ = {isa = PBXFileReference; lastKnownFileType = sourcecode.swift; path = AppDelegate.swift; sourceTree = "<group>"; };
		2E94525C2B5611A80032F3F0 /* SceneDelegate.swift */ = {isa = PBXFileReference; lastKnownFileType = sourcecode.swift; path = SceneDelegate.swift; sourceTree = "<group>"; };
		2E94525E2B5611A80032F3F0 /* PapagoViewController.swift */ = {isa = PBXFileReference; lastKnownFileType = sourcecode.swift; path = PapagoViewController.swift; sourceTree = "<group>"; };
		2E9452612B5611A80032F3F0 /* Base */ = {isa = PBXFileReference; lastKnownFileType = file.storyboard; name = Base; path = Base.lproj/Main.storyboard; sourceTree = "<group>"; };
		2E9452632B5611AA0032F3F0 /* Assets.xcassets */ = {isa = PBXFileReference; lastKnownFileType = folder.assetcatalog; path = Assets.xcassets; sourceTree = "<group>"; };
		2E9452662B5611AA0032F3F0 /* Base */ = {isa = PBXFileReference; lastKnownFileType = file.storyboard; name = Base; path = Base.lproj/LaunchScreen.storyboard; sourceTree = "<group>"; };
		2E9452682B5611AA0032F3F0 /* Info.plist */ = {isa = PBXFileReference; lastKnownFileType = text.plist.xml; path = Info.plist; sourceTree = "<group>"; };
		2E9452712B5612860032F3F0 /* LottoViewController.swift */ = {isa = PBXFileReference; lastKnownFileType = sourcecode.swift; path = LottoViewController.swift; sourceTree = "<group>"; };
		2E9452732B5621820032F3F0 /* MarketViewController.swift */ = {isa = PBXFileReference; lastKnownFileType = sourcecode.swift; path = MarketViewController.swift; sourceTree = "<group>"; };
		2E9452752B56577A0032F3F0 /* LottoAPIManager.swift */ = {isa = PBXFileReference; lastKnownFileType = sourcecode.swift; path = LottoAPIManager.swift; sourceTree = "<group>"; };
/* End PBXFileReference section */

/* Begin PBXFrameworksBuildPhase section */
		2E9452542B5611A80032F3F0 /* Frameworks */ = {
			isa = PBXFrameworksBuildPhase;
			buildActionMask = 2147483647;
			files = (
				2E9452702B5611ED0032F3F0 /* Alamofire in Frameworks */,
			);
			runOnlyForDeploymentPostprocessing = 0;
		};
/* End PBXFrameworksBuildPhase section */

/* Begin PBXGroup section */
		2E1329022B57AF70005AEFDD /* Papago */ = {
			isa = PBXGroup;
			children = (
				2E94525E2B5611A80032F3F0 /* PapagoViewController.swift */,
			);
			path = Papago;
			sourceTree = "<group>";
		};
		2E1329032B57AF79005AEFDD /* SourceLang */ = {
			isa = PBXGroup;
			children = (
				2E18E39B2B57AD280035ECC2 /* SourceLangViewController.swift */,
				2E1329052B57AF9C005AEFDD /* SourceLangTableViewCell.swift */,
				2E1329062B57AF9C005AEFDD /* SourceLangTableViewCell.xib */,
			);
			path = SourceLang;
			sourceTree = "<group>";
		};
		2E1329042B57AF83005AEFDD /* TargetLang */ = {
			isa = PBXGroup;
			children = (
				2E18E39D2B57AD310035ECC2 /* TargetLangViewController.swift */,
				2E1329092B57AFAF005AEFDD /* TargetLangTableViewCell.swift */,
				2E13290A2B57AFAF005AEFDD /* TargetLangTableViewCell.xib */,
			);
			path = TargetLang;
			sourceTree = "<group>";
		};
		2E18E39A2B57AD0A0035ECC2 /* Papago */ = {
			isa = PBXGroup;
			children = (
				2E1329022B57AF70005AEFDD /* Papago */,
				2E1329042B57AF83005AEFDD /* TargetLang */,
				2E1329032B57AF79005AEFDD /* SourceLang */,
			);
			path = Papago;
			sourceTree = "<group>";
		};
		2E7C649C2B576E300067310F /* Resource */ = {
			isa = PBXGroup;
			children = (
			);
			path = Resource;
			sourceTree = "<group>";
		};
		2E94524E2B5611A80032F3F0 = {
			isa = PBXGroup;
			children = (
				2E7C64962B576C1A0067310F /* .gitignore */,
				2E9452592B5611A80032F3F0 /* SeSac4Network */,
				2E9452582B5611A80032F3F0 /* Products */,
			);
			sourceTree = "<group>";
		};
		2E9452582B5611A80032F3F0 /* Products */ = {
			isa = PBXGroup;
			children = (
				2E9452572B5611A80032F3F0 /* SeSac4Network.app */,
			);
			name = Products;
			sourceTree = "<group>";
		};
		2E9452592B5611A80032F3F0 /* SeSac4Network */ = {
			isa = PBXGroup;
			children = (
				2E7C649C2B576E300067310F /* Resource */,
				2E94525A2B5611A80032F3F0 /* AppDelegate.swift */,
				2E94525C2B5611A80032F3F0 /* SceneDelegate.swift */,
				2E9452602B5611A80032F3F0 /* Main.storyboard */,
				2E18E39A2B57AD0A0035ECC2 /* Papago */,
				2E7C64942B576AF20067310F /* BookViewController.swift */,
				2E9452712B5612860032F3F0 /* LottoViewController.swift */,
				2E9452732B5621820032F3F0 /* MarketViewController.swift */,
				2E9452752B56577A0032F3F0 /* LottoAPIManager.swift */,
				2E9452632B5611AA0032F3F0 /* Assets.xcassets */,
				2E9452652B5611AA0032F3F0 /* LaunchScreen.storyboard */,
				2E9452682B5611AA0032F3F0 /* Info.plist */,
				2E7C649A2B576D350067310F /* APIKey.swift */,
			);
			path = SeSac4Network;
			sourceTree = "<group>";
		};
/* End PBXGroup section */

/* Begin PBXNativeTarget section */
		2E9452562B5611A80032F3F0 /* SeSac4Network */ = {
			isa = PBXNativeTarget;
			buildConfigurationList = 2E94526B2B5611AA0032F3F0 /* Build configuration list for PBXNativeTarget "SeSac4Network" */;
			buildPhases = (
				2E9452532B5611A80032F3F0 /* Sources */,
				2E9452542B5611A80032F3F0 /* Frameworks */,
				2E9452552B5611A80032F3F0 /* Resources */,
			);
			buildRules = (
			);
			dependencies = (
			);
			name = SeSac4Network;
			packageProductDependencies = (
				2E94526F2B5611ED0032F3F0 /* Alamofire */,
			);
			productName = SeSac4Network;
			productReference = 2E9452572B5611A80032F3F0 /* SeSac4Network.app */;
			productType = "com.apple.product-type.application";
		};
/* End PBXNativeTarget section */

/* Begin PBXProject section */
		2E94524F2B5611A80032F3F0 /* Project object */ = {
			isa = PBXProject;
			attributes = {
				BuildIndependentTargetsInParallel = 1;
				LastSwiftUpdateCheck = 1520;
				LastUpgradeCheck = 1520;
				TargetAttributes = {
					2E9452562B5611A80032F3F0 = {
						CreatedOnToolsVersion = 15.2;
					};
				};
			};
			buildConfigurationList = 2E9452522B5611A80032F3F0 /* Build configuration list for PBXProject "SeSac4Network" */;
			compatibilityVersion = "Xcode 14.0";
			developmentRegion = en;
			hasScannedForEncodings = 0;
			knownRegions = (
				en,
				Base,
			);
			mainGroup = 2E94524E2B5611A80032F3F0;
			packageReferences = (
				2E94526E2B5611ED0032F3F0 /* XCRemoteSwiftPackageReference "Alamofire" */,
			);
			productRefGroup = 2E9452582B5611A80032F3F0 /* Products */;
			projectDirPath = "";
			projectRoot = "";
			targets = (
				2E9452562B5611A80032F3F0 /* SeSac4Network */,
			);
		};
/* End PBXProject section */

/* Begin PBXResourcesBuildPhase section */
		2E9452552B5611A80032F3F0 /* Resources */ = {
			isa = PBXResourcesBuildPhase;
			buildActionMask = 2147483647;
			files = (
				2E7C64972B576C1A0067310F /* .gitignore in Resources */,
				2E9452672B5611AA0032F3F0 /* LaunchScreen.storyboard in Resources */,
				2E9452642B5611AA0032F3F0 /* Assets.xcassets in Resources */,
				2E9452622B5611A80032F3F0 /* Main.storyboard in Resources */,
				2E13290C2B57AFAF005AEFDD /* TargetLangTableViewCell.xib in Resources */,
				2E1329082B57AF9C005AEFDD /* SourceLangTableViewCell.xib in Resources */,
			);
			runOnlyForDeploymentPostprocessing = 0;
		};
/* End PBXResourcesBuildPhase section */

/* Begin PBXSourcesBuildPhase section */
		2E9452532B5611A80032F3F0 /* Sources */ = {
			isa = PBXSourcesBuildPhase;
			buildActionMask = 2147483647;
			files = (
				2E94525F2B5611A80032F3F0 /* PapagoViewController.swift in Sources */,
				2E1329072B57AF9C005AEFDD /* SourceLangTableViewCell.swift in Sources */,
				2E9452722B5612860032F3F0 /* LottoViewController.swift in Sources */,
				2E7C649B2B576D350067310F /* APIKey.swift in Sources */,
				2E9452742B5621820032F3F0 /* MarketViewController.swift in Sources */,
				2E7C64952B576AF20067310F /* BookViewController.swift in Sources */,
				2E94525B2B5611A80032F3F0 /* AppDelegate.swift in Sources */,
				2E94525D2B5611A80032F3F0 /* SceneDelegate.swift in Sources */,
				2E13290B2B57AFAF005AEFDD /* TargetLangTableViewCell.swift in Sources */,
				2E18E39C2B57AD280035ECC2 /* SourceLangViewController.swift in Sources */,
				2E9452762B56577A0032F3F0 /* LottoAPIManager.swift in Sources */,
				2E18E39E2B57AD310035ECC2 /* TargetLangViewController.swift in Sources */,
			);
			runOnlyForDeploymentPostprocessing = 0;
		};
/* End PBXSourcesBuildPhase section */

/* Begin PBXVariantGroup section */
		2E9452602B5611A80032F3F0 /* Main.storyboard */ = {
			isa = PBXVariantGroup;
			children = (
				2E9452612B5611A80032F3F0 /* Base */,
			);
			name = Main.storyboard;
			sourceTree = "<group>";
		};
		2E9452652B5611AA0032F3F0 /* LaunchScreen.storyboard */ = {
			isa = PBXVariantGroup;
			children = (
				2E9452662B5611AA0032F3F0 /* Base */,
			);
			name = LaunchScreen.storyboard;
			sourceTree = "<group>";
		};
/* End PBXVariantGroup section */

/* Begin XCBuildConfiguration section */
		2E9452692B5611AA0032F3F0 /* Debug */ = {
			isa = XCBuildConfiguration;
			buildSettings = {
				ALWAYS_SEARCH_USER_PATHS = NO;
				ASSETCATALOG_COMPILER_GENERATE_SWIFT_ASSET_SYMBOL_EXTENSIONS = YES;
				CLANG_ANALYZER_NONNULL = YES;
				CLANG_ANALYZER_NUMBER_OBJECT_CONVERSION = YES_AGGRESSIVE;
				CLANG_CXX_LANGUAGE_STANDARD = "gnu++20";
				CLANG_ENABLE_MODULES = YES;
				CLANG_ENABLE_OBJC_ARC = YES;
				CLANG_ENABLE_OBJC_WEAK = YES;
				CLANG_WARN_BLOCK_CAPTURE_AUTORELEASING = YES;
				CLANG_WARN_BOOL_CONVERSION = YES;
				CLANG_WARN_COMMA = YES;
				CLANG_WARN_CONSTANT_CONVERSION = YES;
				CLANG_WARN_DEPRECATED_OBJC_IMPLEMENTATIONS = YES;
				CLANG_WARN_DIRECT_OBJC_ISA_USAGE = YES_ERROR;
				CLANG_WARN_DOCUMENTATION_COMMENTS = YES;
				CLANG_WARN_EMPTY_BODY = YES;
				CLANG_WARN_ENUM_CONVERSION = YES;
				CLANG_WARN_INFINITE_RECURSION = YES;
				CLANG_WARN_INT_CONVERSION = YES;
				CLANG_WARN_NON_LITERAL_NULL_CONVERSION = YES;
				CLANG_WARN_OBJC_IMPLICIT_RETAIN_SELF = YES;
				CLANG_WARN_OBJC_LITERAL_CONVERSION = YES;
				CLANG_WARN_OBJC_ROOT_CLASS = YES_ERROR;
				CLANG_WARN_QUOTED_INCLUDE_IN_FRAMEWORK_HEADER = YES;
				CLANG_WARN_RANGE_LOOP_ANALYSIS = YES;
				CLANG_WARN_STRICT_PROTOTYPES = YES;
				CLANG_WARN_SUSPICIOUS_MOVE = YES;
				CLANG_WARN_UNGUARDED_AVAILABILITY = YES_AGGRESSIVE;
				CLANG_WARN_UNREACHABLE_CODE = YES;
				CLANG_WARN__DUPLICATE_METHOD_MATCH = YES;
				COPY_PHASE_STRIP = NO;
				DEBUG_INFORMATION_FORMAT = dwarf;
				ENABLE_STRICT_OBJC_MSGSEND = YES;
				ENABLE_TESTABILITY = YES;
				ENABLE_USER_SCRIPT_SANDBOXING = YES;
				GCC_C_LANGUAGE_STANDARD = gnu17;
				GCC_DYNAMIC_NO_PIC = NO;
				GCC_NO_COMMON_BLOCKS = YES;
				GCC_OPTIMIZATION_LEVEL = 0;
				GCC_PREPROCESSOR_DEFINITIONS = (
					"DEBUG=1",
					"$(inherited)",
				);
				GCC_WARN_64_TO_32_BIT_CONVERSION = YES;
				GCC_WARN_ABOUT_RETURN_TYPE = YES_ERROR;
				GCC_WARN_UNDECLARED_SELECTOR = YES;
				GCC_WARN_UNINITIALIZED_AUTOS = YES_AGGRESSIVE;
				GCC_WARN_UNUSED_FUNCTION = YES;
				GCC_WARN_UNUSED_VARIABLE = YES;
				IPHONEOS_DEPLOYMENT_TARGET = 17.2;
				LOCALIZATION_PREFERS_STRING_CATALOGS = YES;
				MTL_ENABLE_DEBUG_INFO = INCLUDE_SOURCE;
				MTL_FAST_MATH = YES;
				ONLY_ACTIVE_ARCH = YES;
				SDKROOT = iphoneos;
				SWIFT_ACTIVE_COMPILATION_CONDITIONS = "DEBUG $(inherited)";
				SWIFT_OPTIMIZATION_LEVEL = "-Onone";
			};
			name = Debug;
		};
		2E94526A2B5611AA0032F3F0 /* Release */ = {
			isa = XCBuildConfiguration;
			buildSettings = {
				ALWAYS_SEARCH_USER_PATHS = NO;
				ASSETCATALOG_COMPILER_GENERATE_SWIFT_ASSET_SYMBOL_EXTENSIONS = YES;
				CLANG_ANALYZER_NONNULL = YES;
				CLANG_ANALYZER_NUMBER_OBJECT_CONVERSION = YES_AGGRESSIVE;
				CLANG_CXX_LANGUAGE_STANDARD = "gnu++20";
				CLANG_ENABLE_MODULES = YES;
				CLANG_ENABLE_OBJC_ARC = YES;
				CLANG_ENABLE_OBJC_WEAK = YES;
				CLANG_WARN_BLOCK_CAPTURE_AUTORELEASING = YES;
				CLANG_WARN_BOOL_CONVERSION = YES;
				CLANG_WARN_COMMA = YES;
				CLANG_WARN_CONSTANT_CONVERSION = YES;
				CLANG_WARN_DEPRECATED_OBJC_IMPLEMENTATIONS = YES;
				CLANG_WARN_DIRECT_OBJC_ISA_USAGE = YES_ERROR;
				CLANG_WARN_DOCUMENTATION_COMMENTS = YES;
				CLANG_WARN_EMPTY_BODY = YES;
				CLANG_WARN_ENUM_CONVERSION = YES;
				CLANG_WARN_INFINITE_RECURSION = YES;
				CLANG_WARN_INT_CONVERSION = YES;
				CLANG_WARN_NON_LITERAL_NULL_CONVERSION = YES;
				CLANG_WARN_OBJC_IMPLICIT_RETAIN_SELF = YES;
				CLANG_WARN_OBJC_LITERAL_CONVERSION = YES;
				CLANG_WARN_OBJC_ROOT_CLASS = YES_ERROR;
				CLANG_WARN_QUOTED_INCLUDE_IN_FRAMEWORK_HEADER = YES;
				CLANG_WARN_RANGE_LOOP_ANALYSIS = YES;
				CLANG_WARN_STRICT_PROTOTYPES = YES;
				CLANG_WARN_SUSPICIOUS_MOVE = YES;
				CLANG_WARN_UNGUARDED_AVAILABILITY = YES_AGGRESSIVE;
				CLANG_WARN_UNREACHABLE_CODE = YES;
				CLANG_WARN__DUPLICATE_METHOD_MATCH = YES;
				COPY_PHASE_STRIP = NO;
				DEBUG_INFORMATION_FORMAT = "dwarf-with-dsym";
				ENABLE_NS_ASSERTIONS = NO;
				ENABLE_STRICT_OBJC_MSGSEND = YES;
				ENABLE_USER_SCRIPT_SANDBOXING = YES;
				GCC_C_LANGUAGE_STANDARD = gnu17;
				GCC_NO_COMMON_BLOCKS = YES;
				GCC_WARN_64_TO_32_BIT_CONVERSION = YES;
				GCC_WARN_ABOUT_RETURN_TYPE = YES_ERROR;
				GCC_WARN_UNDECLARED_SELECTOR = YES;
				GCC_WARN_UNINITIALIZED_AUTOS = YES_AGGRESSIVE;
				GCC_WARN_UNUSED_FUNCTION = YES;
				GCC_WARN_UNUSED_VARIABLE = YES;
				IPHONEOS_DEPLOYMENT_TARGET = 17.2;
				LOCALIZATION_PREFERS_STRING_CATALOGS = YES;
				MTL_ENABLE_DEBUG_INFO = NO;
				MTL_FAST_MATH = YES;
				SDKROOT = iphoneos;
				SWIFT_COMPILATION_MODE = wholemodule;
				VALIDATE_PRODUCT = YES;
			};
			name = Release;
		};
		2E94526C2B5611AA0032F3F0 /* Debug */ = {
			isa = XCBuildConfiguration;
			buildSettings = {
				ASSETCATALOG_COMPILER_APPICON_NAME = AppIcon;
				ASSETCATALOG_COMPILER_GLOBAL_ACCENT_COLOR_NAME = AccentColor;
				CODE_SIGN_STYLE = Automatic;
				CURRENT_PROJECT_VERSION = 1;
				DEVELOPMENT_TEAM = Q37X3LG46V;
				GENERATE_INFOPLIST_FILE = YES;
				INFOPLIST_FILE = SeSac4Network/Info.plist;
				INFOPLIST_KEY_UIApplicationSupportsIndirectInputEvents = YES;
				INFOPLIST_KEY_UILaunchStoryboardName = LaunchScreen;
				INFOPLIST_KEY_UIMainStoryboardFile = Main;
				INFOPLIST_KEY_UISupportedInterfaceOrientations_iPad = "UIInterfaceOrientationPortrait UIInterfaceOrientationPortraitUpsideDown UIInterfaceOrientationLandscapeLeft UIInterfaceOrientationLandscapeRight";
				INFOPLIST_KEY_UISupportedInterfaceOrientations_iPhone = "UIInterfaceOrientationPortrait UIInterfaceOrientationLandscapeLeft UIInterfaceOrientationLandscapeRight";
				LD_RUNPATH_SEARCH_PATHS = (
					"$(inherited)",
					"@executable_path/Frameworks",
				);
				MARKETING_VERSION = 1.0;
				PRODUCT_BUNDLE_IDENTIFIER = hwijin.SeSac4Network;
				PRODUCT_NAME = "$(TARGET_NAME)";
				SUPPORTED_PLATFORMS = "iphoneos iphonesimulator";
				SUPPORTS_MACCATALYST = NO;
				SUPPORTS_MAC_DESIGNED_FOR_IPHONE_IPAD = NO;
				SUPPORTS_XR_DESIGNED_FOR_IPHONE_IPAD = NO;
				SWIFT_EMIT_LOC_STRINGS = YES;
				SWIFT_VERSION = 5.0;
				TARGETED_DEVICE_FAMILY = 1;
			};
			name = Debug;
		};
		2E94526D2B5611AA0032F3F0 /* Release */ = {
			isa = XCBuildConfiguration;
			buildSettings = {
				ASSETCATALOG_COMPILER_APPICON_NAME = AppIcon;
				ASSETCATALOG_COMPILER_GLOBAL_ACCENT_COLOR_NAME = AccentColor;
				CODE_SIGN_STYLE = Automatic;
				CURRENT_PROJECT_VERSION = 1;
				DEVELOPMENT_TEAM = Q37X3LG46V;
				GENERATE_INFOPLIST_FILE = YES;
				INFOPLIST_FILE = SeSac4Network/Info.plist;
				INFOPLIST_KEY_UIApplicationSupportsIndirectInputEvents = YES;
				INFOPLIST_KEY_UILaunchStoryboardName = LaunchScreen;
				INFOPLIST_KEY_UIMainStoryboardFile = Main;
				INFOPLIST_KEY_UISupportedInterfaceOrientations_iPad = "UIInterfaceOrientationPortrait UIInterfaceOrientationPortraitUpsideDown UIInterfaceOrientationLandscapeLeft UIInterfaceOrientationLandscapeRight";
				INFOPLIST_KEY_UISupportedInterfaceOrientations_iPhone = "UIInterfaceOrientationPortrait UIInterfaceOrientationLandscapeLeft UIInterfaceOrientationLandscapeRight";
				LD_RUNPATH_SEARCH_PATHS = (
					"$(inherited)",
					"@executable_path/Frameworks",
				);
				MARKETING_VERSION = 1.0;
				PRODUCT_BUNDLE_IDENTIFIER = hwijin.SeSac4Network;
				PRODUCT_NAME = "$(TARGET_NAME)";
				SUPPORTED_PLATFORMS = "iphoneos iphonesimulator";
				SUPPORTS_MACCATALYST = NO;
				SUPPORTS_MAC_DESIGNED_FOR_IPHONE_IPAD = NO;
				SUPPORTS_XR_DESIGNED_FOR_IPHONE_IPAD = NO;
				SWIFT_EMIT_LOC_STRINGS = YES;
				SWIFT_VERSION = 5.0;
				TARGETED_DEVICE_FAMILY = 1;
			};
			name = Release;
		};
/* End XCBuildConfiguration section */

/* Begin XCConfigurationList section */
		2E9452522B5611A80032F3F0 /* Build configuration list for PBXProject "SeSac4Network" */ = {
			isa = XCConfigurationList;
			buildConfigurations = (
				2E9452692B5611AA0032F3F0 /* Debug */,
				2E94526A2B5611AA0032F3F0 /* Release */,
			);
			defaultConfigurationIsVisible = 0;
			defaultConfigurationName = Release;
		};
		2E94526B2B5611AA0032F3F0 /* Build configuration list for PBXNativeTarget "SeSac4Network" */ = {
			isa = XCConfigurationList;
			buildConfigurations = (
				2E94526C2B5611AA0032F3F0 /* Debug */,
				2E94526D2B5611AA0032F3F0 /* Release */,
			);
			defaultConfigurationIsVisible = 0;
			defaultConfigurationName = Release;
		};
/* End XCConfigurationList section */

/* Begin XCRemoteSwiftPackageReference section */
		2E94526E2B5611ED0032F3F0 /* XCRemoteSwiftPackageReference "Alamofire" */ = {
			isa = XCRemoteSwiftPackageReference;
			repositoryURL = "https://github.com/Alamofire/Alamofire";
			requirement = {
				kind = upToNextMajorVersion;
				minimumVersion = 5.8.1;
			};
		};
/* End XCRemoteSwiftPackageReference section */

/* Begin XCSwiftPackageProductDependency section */
		2E94526F2B5611ED0032F3F0 /* Alamofire */ = {
			isa = XCSwiftPackageProductDependency;
			package = 2E94526E2B5611ED0032F3F0 /* XCRemoteSwiftPackageReference "Alamofire" */;
			productName = Alamofire;
		};
/* End XCSwiftPackageProductDependency section */
	};
	rootObject = 2E94524F2B5611A80032F3F0 /* Project object */;
}
